
Microsoft Visual Studio Solution File, Format Version 12.00
# Visual Studio 15
VisualStudioVersion = 15.0.28307.168
MinimumVisualStudioVersion = 10.0.40219.1
Project("{9A19103F-16F7-4668-BE54-9A1E7A4F7556}") = "02. Greater Number", "02. Greater Number\02. Greater Number.csproj", "{D7E2637B-0A23-41F5-8B60-EA8D51970BDB}"
EndProject
Project("{9A19103F-16F7-4668-BE54-9A1E7A4F7556}") = "01. Excellent Result", "01. Excellent Result\01. Excellent Result.csproj", "{742D4FEA-9296-4B5C-8284-7AE6F3F910D9}"
EndProject
Project("{9A19103F-16F7-4668-BE54-9A1E7A4F7556}") = "08. Equal Words", "08. Equal Words\08. Equal Words.csproj", "{A8D8BBC1-2695-4D9C-B77E-87DD0485D546}"
EndProject
Project("{9A19103F-16F7-4668-BE54-9A1E7A4F7556}") = "06. Number 100to200", "06. Number 100to200\06. Number 100to200.csproj", "{01E95BD3-51EA-4BD3-BADF-FC1D9A9A3D49}"
EndProject
Project("{9A19103F-16F7-4668-BE54-9A1E7A4F7556}") = "03. Even or Odd", "03. Even or Odd\03. Even or Odd.csproj", "{672FE767-37FF-4093-B0A7-6FAE05FA8A97}"
EndProject
Project("{FAE04EC0-301F-11D3-BF4B-00C04F79EFBC}") = "04. Number 1to9 to Text", "04. Number 1to9 to Text\04. Number 1to9 to Text.csproj", "{6FE8C816-C320-4CCE-AD3A-23F1DDD5D036}"
EndProject
Project("{FAE04EC0-301F-11D3-BF4B-00C04F79EFBC}") = "05. 3 Equal Numbers", "05. 3 Equal Numbers\05. 3 Equal Numbers.csproj", "{17FF6F4D-3249-4899-965B-46CF87F79C13}"
EndProject
Project("{FAE04EC0-301F-11D3-BF4B-00C04F79EFBC}") = "07. Password Guess", "07. Password Guess\07. Password Guess.csproj", "{3071382F-21C9-46EF-8E07-345F05FEE76D}"
EndProject
Project("{FAE04EC0-301F-11D3-BF4B-00C04F79EFBC}") = "09. Area of Figures", "09. Area of Figures\09. Area of Figures.csproj", "{1CC55C2F-9FFE-4D8A-B433-5A2E1AFA8AAF}"
EndProject
Project("{FAE04EC0-301F-11D3-BF4B-00C04F79EFBC}") = "10. Day of Week", "10. Day of Week\10. Day of Week.csproj", "{9E54E878-2D1A-4C37-A29D-A82C7A889F4F}"
EndProject
Project("{FAE04EC0-301F-11D3-BF4B-00C04F79EFBC}") = "11. Animal Type", "11. Animal Type\11. Animal Type.csproj", "{B5654A6B-6426-4736-86ED-C11307790CA2}"
EndProject
Project("{FAE04EC0-301F-11D3-BF4B-00C04F79EFBC}") = "12. Toy Shop(exam)", "12. Toy Shop(exam)\12. Toy Shop(exam).csproj", "{085F8CA6-05F3-4B08-9D51-0F018D1587E2}"
EndProject
Global
	GlobalSection(SolutionConfigurationPlatforms) = preSolution
		Debug|Any CPU = Debug|Any CPU
		Release|Any CPU = Release|Any CPU
	EndGlobalSection
	GlobalSection(ProjectConfigurationPlatforms) = postSolution
		{D7E2637B-0A23-41F5-8B60-EA8D51970BDB}.Debug|Any CPU.ActiveCfg = Debug|Any CPU
		{D7E2637B-0A23-41F5-8B60-EA8D51970BDB}.Debug|Any CPU.Build.0 = Debug|Any CPU
		{D7E2637B-0A23-41F5-8B60-EA8D51970BDB}.Release|Any CPU.ActiveCfg = Release|Any CPU
		{D7E2637B-0A23-41F5-8B60-EA8D51970BDB}.Release|Any CPU.Build.0 = Release|Any CPU
		{742D4FEA-9296-4B5C-8284-7AE6F3F910D9}.Debug|Any CPU.ActiveCfg = Debug|Any CPU
		{742D4FEA-9296-4B5C-8284-7AE6F3F910D9}.Debug|Any CPU.Build.0 = Debug|Any CPU
		{742D4FEA-9296-4B5C-8284-7AE6F3F910D9}.Release|Any CPU.ActiveCfg = Release|Any CPU
		{742D4FEA-9296-4B5C-8284-7AE6F3F910D9}.Release|Any CPU.Build.0 = Release|Any CPU
		{A8D8BBC1-2695-4D9C-B77E-87DD0485D546}.Debug|Any CPU.ActiveCfg = Debug|Any CPU
		{A8D8BBC1-2695-4D9C-B77E-87DD0485D546}.Debug|Any CPU.Build.0 = Debug|Any CPU
		{A8D8BBC1-2695-4D9C-B77E-87DD0485D546}.Release|Any CPU.ActiveCfg = Release|Any CPU
		{A8D8BBC1-2695-4D9C-B77E-87DD0485D546}.Release|Any CPU.Build.0 = Release|Any CPU
		{01E95BD3-51EA-4BD3-BADF-FC1D9A9A3D49}.Debug|Any CPU.ActiveCfg = Debug|Any CPU
		{01E95BD3-51EA-4BD3-BADF-FC1D9A9A3D49}.Debug|Any CPU.Build.0 = Debug|Any CPU
		{01E95BD3-51EA-4BD3-BADF-FC1D9A9A3D49}.Release|Any CPU.ActiveCfg = Release|Any CPU
		{01E95BD3-51EA-4BD3-BADF-FC1D9A9A3D49}.Release|Any CPU.Build.0 = Release|Any CPU
		{672FE767-37FF-4093-B0A7-6FAE05FA8A97}.Debug|Any CPU.ActiveCfg = Debug|Any CPU
		{672FE767-37FF-4093-B0A7-6FAE05FA8A97}.Debug|Any CPU.Build.0 = Debug|Any CPU
		{672FE767-37FF-4093-B0A7-6FAE05FA8A97}.Release|Any CPU.ActiveCfg = Release|Any CPU
		{672FE767-37FF-4093-B0A7-6FAE05FA8A97}.Release|Any CPU.Build.0 = Release|Any CPU
		{6FE8C816-C320-4CCE-AD3A-23F1DDD5D036}.Debug|Any CPU.ActiveCfg = Debug|Any CPU
		{6FE8C816-C320-4CCE-AD3A-23F1DDD5D036}.Debug|Any CPU.Build.0 = Debug|Any CPU
		{6FE8C816-C320-4CCE-AD3A-23F1DDD5D036}.Release|Any CPU.ActiveCfg = Release|Any CPU
		{6FE8C816-C320-4CCE-AD3A-23F1DDD5D036}.Release|Any CPU.Build.0 = Release|Any CPU
		{17FF6F4D-3249-4899-965B-46CF87F79C13}.Debug|Any CPU.ActiveCfg = Debug|Any CPU
		{17FF6F4D-3249-4899-965B-46CF87F79C13}.Debug|Any CPU.Build.0 = Debug|Any CPU
		{17FF6F4D-3249-4899-965B-46CF87F79C13}.Release|Any CPU.ActiveCfg = Release|Any CPU
		{17FF6F4D-3249-4899-965B-46CF87F79C13}.Release|Any CPU.Build.0 = Release|Any CPU
		{3071382F-21C9-46EF-8E07-345F05FEE76D}.Debug|Any CPU.ActiveCfg = Debug|Any CPU
		{3071382F-21C9-46EF-8E07-345F05FEE76D}.Debug|Any CPU.Build.0 = Debug|Any CPU
		{3071382F-21C9-46EF-8E07-345F05FEE76D}.Release|Any CPU.ActiveCfg = Release|Any CPU
		{3071382F-21C9-46EF-8E07-345F05FEE76D}.Release|Any CPU.Build.0 = Release|Any CPU
		{1CC55C2F-9FFE-4D8A-B433-5A2E1AFA8AAF}.Debug|Any CPU.ActiveCfg = Debug|Any CPU
		{1CC55C2F-9FFE-4D8A-B433-5A2E1AFA8AAF}.Debug|Any CPU.Build.0 = Debug|Any CPU
		{1CC55C2F-9FFE-4D8A-B433-5A2E1AFA8AAF}.Release|Any CPU.ActiveCfg = Release|Any CPU
		{1CC55C2F-9FFE-4D8A-B433-5A2E1AFA8AAF}.Release|Any CPU.Build.0 = Release|Any CPU
		{9E54E878-2D1A-4C37-A29D-A82C7A889F4F}.Debug|Any CPU.ActiveCfg = Debug|Any CPU
		{9E54E878-2D1A-4C37-A29D-A82C7A889F4F}.Debug|Any CPU.Build.0 = Debug|Any CPU
		{9E54E878-2D1A-4C37-A29D-A82C7A889F4F}.Release|Any CPU.ActiveCfg = Release|Any CPU
		{9E54E878-2D1A-4C37-A29D-A82C7A889F4F}.Release|Any CPU.Build.0 = Release|Any CPU
		{B5654A6B-6426-4736-86ED-C11307790CA2}.Debug|Any CPU.ActiveCfg = Debug|Any CPU
		{B5654A6B-6426-4736-86ED-C11307790CA2}.Debug|Any CPU.Build.0 = Debug|Any CPU
		{B5654A6B-6426-4736-86ED-C11307790CA2}.Release|Any CPU.ActiveCfg = Release|Any CPU
		{B5654A6B-6426-4736-86ED-C11307790CA2}.Release|Any CPU.Build.0 = Release|Any CPU
		{085F8CA6-05F3-4B08-9D51-0F018D1587E2}.Debug|Any CPU.ActiveCfg = Debug|Any CPU
		{085F8CA6-05F3-4B08-9D51-0F018D1587E2}.Debug|Any CPU.Build.0 = Debug|Any CPU
		{085F8CA6-05F3-4B08-9D51-0F018D1587E2}.Release|Any CPU.ActiveCfg = Release|Any CPU
		{085F8CA6-05F3-4B08-9D51-0F018D1587E2}.Release|Any CPU.Build.0 = Release|Any CPU
	EndGlobalSection
	GlobalSection(SolutionProperties) = preSolution
		HideSolutionNode = FALSE
	EndGlobalSection
	GlobalSection(ExtensibilityGlobals) = postSolution
		SolutionGuid = {51EBDA77-96DA-4964-A930-973682E7A1CF}
	EndGlobalSection
EndGlobal
